
Microsoft Visual Studio Solution File, Format Version 12.00
# Visual Studio Version 16
VisualStudioVersion = 16.0.29519.87
MinimumVisualStudioVersion = 10.0.40219.1
Project("{FAE04EC0-301F-11D3-BF4B-00C04F79EFBC}") = "WinAppWmsLite01", "WinAppWcsClient01\WinAppWmsLite01.csproj", "{2C855A63-94A8-409F-B64D-E041EE7D0FE3}"
EndProject
Project("{9A19103F-16F7-4668-BE54-9A1E7A4F7556}") = "HamsterCode", "HamsterCode\HamsterCode.csproj", "{A73B7BEF-DA1A-452B-BB85-A2BD0621FC23}"
EndProject
Project("{9A19103F-16F7-4668-BE54-9A1E7A4F7556}") = "HamsterModel", "HamsterModel\HamsterModel.csproj", "{2F04E3C0-D9EB-496D-99B3-8374621EA802}"
EndProject
Project("{FAE04EC0-301F-11D3-BF4B-00C04F79EFBC}") = "HamsterWebApi", "HamsterWebApi\HamsterWebApi.csproj", "{07A65AB1-A293-416B-88BB-1E2B2430B7D9}"
EndProject
Global
	GlobalSection(SolutionConfigurationPlatforms) = preSolution
		Debug|Any CPU = Debug|Any CPU
		Release|Any CPU = Release|Any CPU
	EndGlobalSection
	GlobalSection(ProjectConfigurationPlatforms) = postSolution
		{2C855A63-94A8-409F-B64D-E041EE7D0FE3}.Debug|Any CPU.ActiveCfg = Debug|Any CPU
		{2C855A63-94A8-409F-B64D-E041EE7D0FE3}.Debug|Any CPU.Build.0 = Debug|Any CPU
		{2C855A63-94A8-409F-B64D-E041EE7D0FE3}.Release|Any CPU.ActiveCfg = Release|Any CPU
		{2C855A63-94A8-409F-B64D-E041EE7D0FE3}.Release|Any CPU.Build.0 = Release|Any CPU
		{A73B7BEF-DA1A-452B-BB85-A2BD0621FC23}.Debug|Any CPU.ActiveCfg = Debug|Any CPU
		{A73B7BEF-DA1A-452B-BB85-A2BD0621FC23}.Debug|Any CPU.Build.0 = Debug|Any CPU
		{A73B7BEF-DA1A-452B-BB85-A2BD0621FC23}.Release|Any CPU.ActiveCfg = Release|Any CPU
		{A73B7BEF-DA1A-452B-BB85-A2BD0621FC23}.Release|Any CPU.Build.0 = Release|Any CPU
		{2F04E3C0-D9EB-496D-99B3-8374621EA802}.Debug|Any CPU.ActiveCfg = Debug|Any CPU
		{2F04E3C0-D9EB-496D-99B3-8374621EA802}.Debug|Any CPU.Build.0 = Debug|Any CPU
		{2F04E3C0-D9EB-496D-99B3-8374621EA802}.Release|Any CPU.ActiveCfg = Release|Any CPU
		{2F04E3C0-D9EB-496D-99B3-8374621EA802}.Release|Any CPU.Build.0 = Release|Any CPU
		{07A65AB1-A293-416B-88BB-1E2B2430B7D9}.Debug|Any CPU.ActiveCfg = Debug|Any CPU
		{07A65AB1-A293-416B-88BB-1E2B2430B7D9}.Debug|Any CPU.Build.0 = Debug|Any CPU
		{07A65AB1-A293-416B-88BB-1E2B2430B7D9}.Release|Any CPU.ActiveCfg = Release|Any CPU
		{07A65AB1-A293-416B-88BB-1E2B2430B7D9}.Release|Any CPU.Build.0 = Release|Any CPU
	EndGlobalSection
	GlobalSection(SolutionProperties) = preSolution
		HideSolutionNode = FALSE
	EndGlobalSection
	GlobalSection(ExtensibilityGlobals) = postSolution
		SolutionGuid = {438FD377-8A20-41DD-8080-3558BEA95834}
	EndGlobalSection
EndGlobal
